
Microsoft Visual Studio Solution File, Format Version 12.00
# Visual Studio Version 17
VisualStudioVersion = 17.1.32421.90
MinimumVisualStudioVersion = 10.0.40219.1
Project("{FAE04EC0-301F-11D3-BF4B-00C04F79EFBC}") = "IOTASKS", "IOTASKS\IOTASKS.csproj", "{BDEC0D7A-E7FA-4195-9931-3157A4DC07AA}"
EndProject
Global
	GlobalSection(SolutionConfigurationPlatforms) = preSolution
		Debug|Any CPU = Debug|Any CPU
		Release|Any CPU = Release|Any CPU
	EndGlobalSection
	GlobalSection(ProjectConfigurationPlatforms) = postSolution
		{BDEC0D7A-E7FA-4195-9931-3157A4DC07AA}.Debug|Any CPU.ActiveCfg = Debug|Any CPU
		{BDEC0D7A-E7FA-4195-9931-3157A4DC07AA}.Debug|Any CPU.Build.0 = Debug|Any CPU
		{BDEC0D7A-E7FA-4195-9931-3157A4DC07AA}.Release|Any CPU.ActiveCfg = Release|Any CPU
		{BDEC0D7A-E7FA-4195-9931-3157A4DC07AA}.Release|Any CPU.Build.0 = Release|Any CPU
	EndGlobalSection
	GlobalSection(SolutionProperties) = preSolution
		HideSolutionNode = FALSE
	EndGlobalSection
	GlobalSection(ExtensibilityGlobals) = postSolution
		SolutionGuid = {BC8BDB57-588E-40DD-8718-1FA87E88931A}
	EndGlobalSection
EndGlobal
